schema: '2.0'
stages:
  data_ingestion:
    cmd: python src/Spam/pipeline/stage_01_data_ingestion.py
    deps:
    - path: config/schema.yaml
      md5: 6059806f7175936be691155ae660fd23
      size: 45
    - path: src/Spam/entity/artifact_entity.py
      md5: 0c745d881d2dad6953ca2b825eb20401
      size: 319
    - path: src/Spam/entity/config_entity.py
      md5: 78d080f1a4e95d90b3aa0637e9e8b8c6
      size: 2453
    - path: src/Spam/pipeline/stage_01_data_ingestion.py
      md5: 413a798926dc05606f4db21e8094f744
      size: 95
    outs:
    - path: artifact/data_ingestion/feature_store
      md5: dfc4c7258a0df583d23f9005fd0dc940.dir
      size: 4259113
      nfiles: 1
    - path: artifact/data_ingestion/ingested
      md5: 3e4b66dc70e2e79baad6d64422601083.dir
      size: 4259126
      nfiles: 2
